
Microsoft Visual Studio Solution File, Format Version 12.00
# Visual Studio Version 17
VisualStudioVersion = 17.8.34330.188
MinimumVisualStudioVersion = 10.0.40219.1
Project("{FAE04EC0-301F-11D3-BF4B-00C04F79EFBC}") = "Hospitalinventorysystem", "Hospitalinventorysystem\Hospitalinventorysystem.csproj", "{E3C9F174-D6A9-4C4A-AB40-A443C7E5053B}"
EndProject
Global
	GlobalSection(SolutionConfigurationPlatforms) = preSolution
		Debug|Any CPU = Debug|Any CPU
		Release|Any CPU = Release|Any CPU
	EndGlobalSection
	GlobalSection(ProjectConfigurationPlatforms) = postSolution
		{E3C9F174-D6A9-4C4A-AB40-A443C7E5053B}.Debug|Any CPU.ActiveCfg = Debug|Any CPU
		{E3C9F174-D6A9-4C4A-AB40-A443C7E5053B}.Debug|Any CPU.Build.0 = Debug|Any CPU
		{E3C9F174-D6A9-4C4A-AB40-A443C7E5053B}.Release|Any CPU.ActiveCfg = Release|Any CPU
		{E3C9F174-D6A9-4C4A-AB40-A443C7E5053B}.Release|Any CPU.Build.0 = Release|Any CPU
	EndGlobalSection
	GlobalSection(SolutionProperties) = preSolution
		HideSolutionNode = FALSE
	EndGlobalSection
	GlobalSection(ExtensibilityGlobals) = postSolution
		SolutionGuid = {10F8DF2D-9C09-4D19-B57F-3147A5E79425}
	EndGlobalSection
EndGlobal
